
Microsoft Visual Studio Solution File, Format Version 12.00
# Visual Studio Version 17
VisualStudioVersion = 17.11.35327.3
MinimumVisualStudioVersion = 10.0.40219.1
Project("{FAE04EC0-301F-11D3-BF4B-00C04F79EFBC}") = "NewC_3_9", "NewC_3_9.csproj", "{9988D7A8-26D6-4BAE-B8B2-15DDDDDC287A}"
EndProject
Global
	GlobalSection(SolutionConfigurationPlatforms) = preSolution
		Debug|Any CPU = Debug|Any CPU
		Release|Any CPU = Release|Any CPU
	EndGlobalSection
	GlobalSection(ProjectConfigurationPlatforms) = postSolution
		{9988D7A8-26D6-4BAE-B8B2-15DDDDDC287A}.Debug|Any CPU.ActiveCfg = Debug|Any CPU
		{9988D7A8-26D6-4BAE-B8B2-15DDDDDC287A}.Debug|Any CPU.Build.0 = Debug|Any CPU
		{9988D7A8-26D6-4BAE-B8B2-15DDDDDC287A}.Release|Any CPU.ActiveCfg = Release|Any CPU
		{9988D7A8-26D6-4BAE-B8B2-15DDDDDC287A}.Release|Any CPU.Build.0 = Release|Any CPU
	EndGlobalSection
	GlobalSection(SolutionProperties) = preSolution
		HideSolutionNode = FALSE
	EndGlobalSection
	GlobalSection(ExtensibilityGlobals) = postSolution
		SolutionGuid = {9FCE5396-4657-4B71-9F6D-4F3B381B3FAC}
	EndGlobalSection
EndGlobal
